
Microsoft Visual Studio Solution File, Format Version 12.00
# Visual Studio Version 17
VisualStudioVersion = 17.5.002.0
MinimumVisualStudioVersion = 10.0.40219.1
Project("{9A19103F-16F7-4668-BE54-9A1E7A4F7556}") = "Dez-Segundos", "Dez-Segundos.csproj", "{910E283F-97AA-4BCB-8C92-479F9A65F395}"
EndProject
Global
	GlobalSection(SolutionConfigurationPlatforms) = preSolution
		Debug|Any CPU = Debug|Any CPU
		Release|Any CPU = Release|Any CPU
	EndGlobalSection
	GlobalSection(ProjectConfigurationPlatforms) = postSolution
		{910E283F-97AA-4BCB-8C92-479F9A65F395}.Debug|Any CPU.ActiveCfg = Debug|Any CPU
		{910E283F-97AA-4BCB-8C92-479F9A65F395}.Debug|Any CPU.Build.0 = Debug|Any CPU
		{910E283F-97AA-4BCB-8C92-479F9A65F395}.Release|Any CPU.ActiveCfg = Release|Any CPU
		{910E283F-97AA-4BCB-8C92-479F9A65F395}.Release|Any CPU.Build.0 = Release|Any CPU
	EndGlobalSection
	GlobalSection(SolutionProperties) = preSolution
		HideSolutionNode = FALSE
	EndGlobalSection
	GlobalSection(ExtensibilityGlobals) = postSolution
		SolutionGuid = {3F0DB543-01BE-4379-A050-945A09CA5F9F}
	EndGlobalSection
EndGlobal
